
Microsoft Visual Studio Solution File, Format Version 12.00
# Visual Studio Version 16
VisualStudioVersion = 16.0.30907.101
MinimumVisualStudioVersion = 10.0.40219.1
Project("{FAE04EC0-301F-11D3-BF4B-00C04F79EFBC}") = "CalculadoraTest", "CalculadoraTest.csproj", "{39196302-01B5-4E6B-A4BA-4E742205E56A}"
EndProject
Global
	GlobalSection(SolutionConfigurationPlatforms) = preSolution
		Debug|Any CPU = Debug|Any CPU
		Release|Any CPU = Release|Any CPU
	EndGlobalSection
	GlobalSection(ProjectConfigurationPlatforms) = postSolution
		{39196302-01B5-4E6B-A4BA-4E742205E56A}.Debug|Any CPU.ActiveCfg = Debug|Any CPU
		{39196302-01B5-4E6B-A4BA-4E742205E56A}.Debug|Any CPU.Build.0 = Debug|Any CPU
		{39196302-01B5-4E6B-A4BA-4E742205E56A}.Release|Any CPU.ActiveCfg = Release|Any CPU
		{39196302-01B5-4E6B-A4BA-4E742205E56A}.Release|Any CPU.Build.0 = Release|Any CPU
	EndGlobalSection
	GlobalSection(SolutionProperties) = preSolution
		HideSolutionNode = FALSE
	EndGlobalSection
	GlobalSection(ExtensibilityGlobals) = postSolution
		SolutionGuid = {E368C7E6-E182-4419-80E8-3A66B66B777F}
	EndGlobalSection
EndGlobal
